
Microsoft Visual Studio Solution File, Format Version 12.00
# Visual Studio Version 17
VisualStudioVersion = 17.0.32014.148
MinimumVisualStudioVersion = 10.0.40219.1
Project("{FAE04EC0-301F-11D3-BF4B-00C04F79EFBC}") = "Git_Push_Pull_Prac", "Git_Push_Pull_Prac\Git_Push_Pull_Prac.csproj", "{2868E53B-F8B3-4018-BC21-4C311B38D995}"
EndProject
Global
	GlobalSection(SolutionConfigurationPlatforms) = preSolution
		Debug|Any CPU = Debug|Any CPU
		Release|Any CPU = Release|Any CPU
	EndGlobalSection
	GlobalSection(ProjectConfigurationPlatforms) = postSolution
		{2868E53B-F8B3-4018-BC21-4C311B38D995}.Debug|Any CPU.ActiveCfg = Debug|Any CPU
		{2868E53B-F8B3-4018-BC21-4C311B38D995}.Debug|Any CPU.Build.0 = Debug|Any CPU
		{2868E53B-F8B3-4018-BC21-4C311B38D995}.Release|Any CPU.ActiveCfg = Release|Any CPU
		{2868E53B-F8B3-4018-BC21-4C311B38D995}.Release|Any CPU.Build.0 = Release|Any CPU
	EndGlobalSection
	GlobalSection(SolutionProperties) = preSolution
		HideSolutionNode = FALSE
	EndGlobalSection
	GlobalSection(ExtensibilityGlobals) = postSolution
		SolutionGuid = {88652A03-9C12-4BDC-90BA-3722984E8047}
	EndGlobalSection
EndGlobal
